Microsoft Visual Studio Solution File, Format Version 8.00
Project("{8BC9CEB8-8B4A-11D0-8D11-00A0C91BC942}") = "IDL2", "IDL2\IDL2.vcproj", "{BC4A74B6-EBE7-486D-A537-B4217AE7304E}"
	ProjectSection(ProjectDependencies) = postProject
	EndProjectSection
EndProject
Project("{8BC9CEB8-8B4A-11D0-8D11-00A0C91BC942}") = "IDL3", "IDL3\IDL3.vcproj", "{97D61986-05D8-4B2A-B8B2-5095E58909FE}"
	ProjectSection(ProjectDependencies) = postProject
	EndProjectSection
EndProject
Project("{8BC9CEB8-8B4A-11D0-8D11-00A0C91BC942}") = "CIDL", "CIDL\CIDL.vcproj", "{39A4243B-8D97-4C1A-BC6B-C49FE4D48D4D}"
	ProjectSection(ProjectDependencies) = postProject
	EndProjectSection
EndProject
Project("{8BC9CEB8-8B4A-11D0-8D11-00A0C91BC942}") = "CodeGenerationKit", "CodeGenerationKit\CodeGenerationKit.vcproj", "{93C22389-AD2D-45CD-98C6-D9C5D6679B09}"
	ProjectSection(ProjectDependencies) = postProject
	EndProjectSection
EndProject
Global
	GlobalSection(SolutionConfiguration) = preSolution
		Debug = Debug
		Release = Release
	EndGlobalSection
	GlobalSection(ProjectConfiguration) = postSolution
		{BC4A74B6-EBE7-486D-A537-B4217AE7304E}.Debug.ActiveCfg = Debug|Win32
		{BC4A74B6-EBE7-486D-A537-B4217AE7304E}.Debug.Build.0 = Debug|Win32
		{BC4A74B6-EBE7-486D-A537-B4217AE7304E}.Release.ActiveCfg = Release|Win32
		{BC4A74B6-EBE7-486D-A537-B4217AE7304E}.Release.Build.0 = Release|Win32
		{97D61986-05D8-4B2A-B8B2-5095E58909FE}.Debug.ActiveCfg = Debug|Win32
		{97D61986-05D8-4B2A-B8B2-5095E58909FE}.Debug.Build.0 = Debug|Win32
		{97D61986-05D8-4B2A-B8B2-5095E58909FE}.Release.ActiveCfg = Release|Win32
		{97D61986-05D8-4B2A-B8B2-5095E58909FE}.Release.Build.0 = Release|Win32
		{39A4243B-8D97-4C1A-BC6B-C49FE4D48D4D}.Debug.ActiveCfg = Debug|Win32
		{39A4243B-8D97-4C1A-BC6B-C49FE4D48D4D}.Debug.Build.0 = Debug|Win32
		{39A4243B-8D97-4C1A-BC6B-C49FE4D48D4D}.Release.ActiveCfg = Release|Win32
		{39A4243B-8D97-4C1A-BC6B-C49FE4D48D4D}.Release.Build.0 = Release|Win32
		{93C22389-AD2D-45CD-98C6-D9C5D6679B09}.Debug.ActiveCfg = Debug|Win32
		{93C22389-AD2D-45CD-98C6-D9C5D6679B09}.Debug.Build.0 = Debug|Win32
		{93C22389-AD2D-45CD-98C6-D9C5D6679B09}.Release.ActiveCfg = Release|Win32
		{93C22389-AD2D-45CD-98C6-D9C5D6679B09}.Release.Build.0 = Release|Win32
	EndGlobalSection
	GlobalSection(ExtensibilityGlobals) = postSolution
	EndGlobalSection
	GlobalSection(ExtensibilityAddIns) = postSolution
	EndGlobalSection
EndGlobal
