Microsoft Visual Studio Solution File, Format Version 8.00
Project("{8BC9CEB8-8B4A-11D0-8D11-00A0C91BC942}") = "idl2", "idl2\idl2.vcproj", "{81B2195C-C013-4A95-BA25-65C50E4D584A}"
	ProjectSection(ProjectDependencies) = postProject
	EndProjectSection
EndProject
Project("{8BC9CEB8-8B4A-11D0-8D11-00A0C91BC942}") = "idl3", "idl3\idl3.vcproj", "{5F3379E4-2944-4FEE-A04A-CD04C3B66401}"
	ProjectSection(ProjectDependencies) = postProject
	EndProjectSection
EndProject
Project("{8BC9CEB8-8B4A-11D0-8D11-00A0C91BC942}") = "cidl", "cidl\cidl.vcproj", "{8059742C-5DA9-4318-8D04-7938CBB0D538}"
	ProjectSection(ProjectDependencies) = postProject
	EndProjectSection
EndProject
Global
	GlobalSection(SolutionConfiguration) = preSolution
		Debug = Debug
		Release = Release
	EndGlobalSection
	GlobalSection(ProjectConfiguration) = postSolution
		{81B2195C-C013-4A95-BA25-65C50E4D584A}.Debug.ActiveCfg = Debug|Win32
		{81B2195C-C013-4A95-BA25-65C50E4D584A}.Debug.Build.0 = Debug|Win32
		{81B2195C-C013-4A95-BA25-65C50E4D584A}.Release.ActiveCfg = Release|Win32
		{81B2195C-C013-4A95-BA25-65C50E4D584A}.Release.Build.0 = Release|Win32
		{5F3379E4-2944-4FEE-A04A-CD04C3B66401}.Debug.ActiveCfg = Debug|Win32
		{5F3379E4-2944-4FEE-A04A-CD04C3B66401}.Debug.Build.0 = Debug|Win32
		{5F3379E4-2944-4FEE-A04A-CD04C3B66401}.Release.ActiveCfg = Release|Win32
		{5F3379E4-2944-4FEE-A04A-CD04C3B66401}.Release.Build.0 = Release|Win32
		{8059742C-5DA9-4318-8D04-7938CBB0D538}.Debug.ActiveCfg = Debug|Win32
		{8059742C-5DA9-4318-8D04-7938CBB0D538}.Debug.Build.0 = Debug|Win32
		{8059742C-5DA9-4318-8D04-7938CBB0D538}.Release.ActiveCfg = Release|Win32
		{8059742C-5DA9-4318-8D04-7938CBB0D538}.Release.Build.0 = Release|Win32
	EndGlobalSection
	GlobalSection(ExtensibilityGlobals) = postSolution
	EndGlobalSection
	GlobalSection(ExtensibilityAddIns) = postSolution
	EndGlobalSection
EndGlobal
