Microsoft Visual Studio Solution File, Format Version 8.00
#
# $Id: VC71WorkspaceCreator.pm,v 1.5 2005/05/16 16:41:30 elliott_c Exp $
#
# This file was generated by MPC.  Any changes made directly to
# this file will be lost the next time it is generated.
#
# MPC Command:
# C:\ACE_wrappers_devel\ACE_wrappers\bin\mwc.pl -include C:\ACE_wrappers_devel\ACE_wrappers\MPC/config -include C:\ACE_wrappers_devel\ACE_wrappers\MPC/templates -type vc71 -features zzip=1,zlib=1
Project("{8BC9CEB8-8B4A-11D0-8D11-00A0C91BC942}") = "spec_RMAdmin", "spec_RMAdmin.vcproj", "{A36D7246-FECA-1BAD-A501-70D8650426CB}"
	ProjectSection(ProjectDependencies) = postProject
	EndProjectSection
EndProject
Project("{8BC9CEB8-8B4A-11D0-8D11-00A0C91BC942}") = "spec_RepositoryManager", "spec_RepositoryManager.vcproj", "{16AFCECA-FECA-1BAD-A501-70D8650426CB}"
	ProjectSection(ProjectDependencies) = postProject
	EndProjectSection
EndProject
Global
	GlobalSection(SolutionConfiguration) = preSolution
		Debug = Debug
		Release = Release
	EndGlobalSection
	GlobalSection(ProjectConfiguration) = postSolution
		{A36D7246-FECA-1BAD-A501-70D8650426CB}.Debug.ActiveCfg = Debug|Win32
		{A36D7246-FECA-1BAD-A501-70D8650426CB}.Debug.Build.0 = Debug|Win32
		{A36D7246-FECA-1BAD-A501-70D8650426CB}.Release.ActiveCfg = Release|Win32
		{A36D7246-FECA-1BAD-A501-70D8650426CB}.Release.Build.0 = Release|Win32
		{16AFCECA-FECA-1BAD-A501-70D8650426CB}.Debug.ActiveCfg = Debug|Win32
		{16AFCECA-FECA-1BAD-A501-70D8650426CB}.Debug.Build.0 = Debug|Win32
		{16AFCECA-FECA-1BAD-A501-70D8650426CB}.Release.ActiveCfg = Release|Win32
		{16AFCECA-FECA-1BAD-A501-70D8650426CB}.Release.Build.0 = Release|Win32
	EndGlobalSection
	GlobalSection(ExtensibilityGlobals) = postSolution
	EndGlobalSection
	GlobalSection(ExtensibilityAddIns) = postSolution
	EndGlobalSection
EndGlobal
