Microsoft Visual Studio Solution File, Format Version 8.00
Project("{8BC9CEB8-8B4A-11D0-8D11-00A0C91BC942}") = "CompilerElements", "CompilerElements\CompilerElements.vcproj", "{CED6ADA4-86E1-4F4A-95A2-7AB986D9E4CC}"
	ProjectSection(ProjectDependencies) = postProject
	EndProjectSection
EndProject
Project("{8BC9CEB8-8B4A-11D0-8D11-00A0C91BC942}") = "CodeGenerationKit", "CodeGenerationKit\CodeGenerationKit.vcproj", "{5F0B01BD-722F-4958-8E02-680588866D7C}"
	ProjectSection(ProjectDependencies) = postProject
	EndProjectSection
EndProject
Project("{8BC9CEB8-8B4A-11D0-8D11-00A0C91BC942}") = "IDL2", "IDL2\IDL2.vcproj", "{78A62970-330F-4FF1-9B0E-74F689A4EA4F}"
	ProjectSection(ProjectDependencies) = postProject
	EndProjectSection
EndProject
Project("{8BC9CEB8-8B4A-11D0-8D11-00A0C91BC942}") = "IDL3", "IDL3\IDL3.vcproj", "{108D07F1-6364-4B51-87DB-AED8BBE6396A}"
	ProjectSection(ProjectDependencies) = postProject
	EndProjectSection
EndProject
Project("{8BC9CEB8-8B4A-11D0-8D11-00A0C91BC942}") = "CIDL", "CIDL\CIDL.vcproj", "{ADCB8816-C2B5-46AE-AC73-0A2FE72386D6}"
	ProjectSection(ProjectDependencies) = postProject
	EndProjectSection
EndProject
Global
	GlobalSection(SolutionConfiguration) = preSolution
		Debug = Debug
		Release = Release
	EndGlobalSection
	GlobalSection(ProjectConfiguration) = postSolution
		{CED6ADA4-86E1-4F4A-95A2-7AB986D9E4CC}.Debug.ActiveCfg = Debug|Win32
		{CED6ADA4-86E1-4F4A-95A2-7AB986D9E4CC}.Debug.Build.0 = Debug|Win32
		{CED6ADA4-86E1-4F4A-95A2-7AB986D9E4CC}.Release.ActiveCfg = Release|Win32
		{CED6ADA4-86E1-4F4A-95A2-7AB986D9E4CC}.Release.Build.0 = Release|Win32
		{5F0B01BD-722F-4958-8E02-680588866D7C}.Debug.ActiveCfg = Debug|Win32
		{5F0B01BD-722F-4958-8E02-680588866D7C}.Debug.Build.0 = Debug|Win32
		{5F0B01BD-722F-4958-8E02-680588866D7C}.Release.ActiveCfg = Release|Win32
		{5F0B01BD-722F-4958-8E02-680588866D7C}.Release.Build.0 = Release|Win32
		{78A62970-330F-4FF1-9B0E-74F689A4EA4F}.Debug.ActiveCfg = Debug|Win32
		{78A62970-330F-4FF1-9B0E-74F689A4EA4F}.Debug.Build.0 = Debug|Win32
		{78A62970-330F-4FF1-9B0E-74F689A4EA4F}.Release.ActiveCfg = Release|Win32
		{78A62970-330F-4FF1-9B0E-74F689A4EA4F}.Release.Build.0 = Release|Win32
		{108D07F1-6364-4B51-87DB-AED8BBE6396A}.Debug.ActiveCfg = Debug|Win32
		{108D07F1-6364-4B51-87DB-AED8BBE6396A}.Debug.Build.0 = Debug|Win32
		{108D07F1-6364-4B51-87DB-AED8BBE6396A}.Release.ActiveCfg = Release|Win32
		{108D07F1-6364-4B51-87DB-AED8BBE6396A}.Release.Build.0 = Release|Win32
		{ADCB8816-C2B5-46AE-AC73-0A2FE72386D6}.Debug.ActiveCfg = Debug|Win32
		{ADCB8816-C2B5-46AE-AC73-0A2FE72386D6}.Debug.Build.0 = Debug|Win32
		{ADCB8816-C2B5-46AE-AC73-0A2FE72386D6}.Release.ActiveCfg = Release|Win32
		{ADCB8816-C2B5-46AE-AC73-0A2FE72386D6}.Release.Build.0 = Release|Win32
	EndGlobalSection
	GlobalSection(ExtensibilityGlobals) = postSolution
	EndGlobalSection
	GlobalSection(ExtensibilityAddIns) = postSolution
	EndGlobalSection
EndGlobal
