Microsoft Visual Studio Solution File, Format Version 8.00
Project("{8BC9CEB8-8B4A-11D0-8D11-00A0C91BC942}") = "CIDLC", "CIDLC.vcproj", "{2AA9F186-AEB2-4B78-9783-322182479BBB}"
	ProjectSection(ProjectDependencies) = postProject
	EndProjectSection
EndProject
Global
	GlobalSection(SolutionConfiguration) = preSolution
		Debug = Debug
		Release = Release
	EndGlobalSection
	GlobalSection(ProjectConfiguration) = postSolution
		{2AA9F186-AEB2-4B78-9783-322182479BBB}.Debug.ActiveCfg = Debug|Win32
		{2AA9F186-AEB2-4B78-9783-322182479BBB}.Debug.Build.0 = Debug|Win32
		{2AA9F186-AEB2-4B78-9783-322182479BBB}.Release.ActiveCfg = Release|Win32
		{2AA9F186-AEB2-4B78-9783-322182479BBB}.Release.Build.0 = Release|Win32
	EndGlobalSection
	GlobalSection(ExtensibilityGlobals) = postSolution
	EndGlobalSection
	GlobalSection(ExtensibilityAddIns) = postSolution
	EndGlobalSection
EndGlobal
