Microsoft Visual Studio Solution File, Format Version 8.00
Project("{8BC9CEB8-8B4A-11D0-8D11-00A0C91BC942}") = "CIDLC", "CIDLC.vcproj", "{8F2A74C0-C995-4BE2-8FD7-538F64BF98FD}"
	ProjectSection(ProjectDependencies) = postProject
	EndProjectSection
EndProject
Global
	GlobalSection(SolutionConfiguration) = preSolution
		Debug = Debug
		Release = Release
	EndGlobalSection
	GlobalSection(ProjectConfiguration) = postSolution
		{8F2A74C0-C995-4BE2-8FD7-538F64BF98FD}.Debug.ActiveCfg = Debug|Win32
		{8F2A74C0-C995-4BE2-8FD7-538F64BF98FD}.Debug.Build.0 = Debug|Win32
		{8F2A74C0-C995-4BE2-8FD7-538F64BF98FD}.Release.ActiveCfg = Release|Win32
		{8F2A74C0-C995-4BE2-8FD7-538F64BF98FD}.Release.Build.0 = Release|Win32
	EndGlobalSection
	GlobalSection(ExtensibilityGlobals) = postSolution
	EndGlobalSection
	GlobalSection(ExtensibilityAddIns) = postSolution
	EndGlobalSection
EndGlobal
