Microsoft Visual Studio Solution File, Format Version 8.00
Project("{8BC9CEB8-8B4A-11D0-8D11-00A0C91BC942}") = "LocalExecutorMapping", "CIDL\LocalExecutorMapping\LocalExecutorMapping.vcproj", "{787D727E-24B5-4791-87A3-3235EAD4FEFF}"
	ProjectSection(ProjectDependencies) = postProject
	EndProjectSection
EndProject
Project("{8BC9CEB8-8B4A-11D0-8D11-00A0C91BC942}") = "IDL", "CodeGenerationKit\Indentation\IDL\IDL.vcproj", "{605906FB-9A4C-411B-B98C-992D33CB0E46}"
	ProjectSection(ProjectDependencies) = postProject
	EndProjectSection
EndProject
Global
	GlobalSection(SolutionConfiguration) = preSolution
		Debug = Debug
		Release = Release
	EndGlobalSection
	GlobalSection(ProjectConfiguration) = postSolution
		{787D727E-24B5-4791-87A3-3235EAD4FEFF}.Debug.ActiveCfg = Debug|Win32
		{787D727E-24B5-4791-87A3-3235EAD4FEFF}.Debug.Build.0 = Debug|Win32
		{787D727E-24B5-4791-87A3-3235EAD4FEFF}.Release.ActiveCfg = Release|Win32
		{787D727E-24B5-4791-87A3-3235EAD4FEFF}.Release.Build.0 = Release|Win32
		{605906FB-9A4C-411B-B98C-992D33CB0E46}.Debug.ActiveCfg = Debug|Win32
		{605906FB-9A4C-411B-B98C-992D33CB0E46}.Debug.Build.0 = Debug|Win32
		{605906FB-9A4C-411B-B98C-992D33CB0E46}.Release.ActiveCfg = Release|Win32
		{605906FB-9A4C-411B-B98C-992D33CB0E46}.Release.Build.0 = Release|Win32
	EndGlobalSection
	GlobalSection(ExtensibilityGlobals) = postSolution
	EndGlobalSection
	GlobalSection(ExtensibilityAddIns) = postSolution
	EndGlobalSection
EndGlobal
